<Scheme LastUpgradeVersion="0620" version="1.3">
  <BuildAction parallelizeBuildables="YES" buildImplicitDependencies="YES">
    <BuildActionEntries>
      <BuildActionEntry buildForTesting="YES" buildForRunning="YES" buildForProfiling="YES" buildForArchiving="YES" buildForAnalyzing="YES">
        <BuildableReference BuildableIdentifier="primary" BlueprintIdentifier="A719CE621AFBACE9005F59E8" BuildableName="HotShots.app" BlueprintName="HotShots" ReferencedContainer="container:HotShots.xcodeproj"/>
      </BuildActionEntry>
      <BuildActionEntry buildForTesting="YES" buildForRunning="YES" buildForProfiling="NO" buildForArchiving="NO" buildForAnalyzing="YES">
        <BuildableReference BuildableIdentifier="primary" BlueprintIdentifier="A719CE7E1AFBACEA005F59E8" BuildableName="HotShotsTests.xctest" BlueprintName="HotShotsTests" ReferencedContainer="container:HotShots.xcodeproj"/>
      </BuildActionEntry>
    </BuildActionEntries>
  </BuildAction>
  <TestAction buildConfiguration="Debug" selectedDebuggerIdentifier="Xcode.DebuggerFoundation.Debugger.LLDB" selectedLauncherIdentifier="Xcode.DebuggerFoundation.Launcher.LLDB" shouldUseLaunchSchemeArgsEnv="YES">
    <Testables>
      <TestableReference skipped="NO">
        <BuildableReference BuildableIdentifier="primary" BlueprintIdentifier="A719CE921AFBAD05005F59E8" BuildableName="Screenshots.xctest" BlueprintName="Screenshots" ReferencedContainer="container:HotShots.xcodeproj"/>
      </TestableReference>
    </Testables>
    <MacroExpansion>
      <BuildableReference BuildableIdentifier="primary" BlueprintIdentifier="A719CE621AFBACE9005F59E8" BuildableName="HotShots.app" BlueprintName="HotShots" ReferencedContainer="container:HotShots.xcodeproj"/>
    </MacroExpansion>
    <AdditionalOptions/>
  </TestAction>
  <LaunchAction buildConfiguration="Debug" selectedDebuggerIdentifier="Xcode.DebuggerFoundation.Debugger.LLDB" selectedLauncherIdentifier="Xcode.DebuggerFoundation.Launcher.LLDB" launchStyle="0" useCustomWorkingDirectory="NO" ignoresPersistentStateOnLaunch="NO" debugDocumentVersioning="YES" debugServiceExtension="internal" allowLocationSimulation="YES">
    <BuildableProductRunnable runnableDebuggingMode="0">
      <BuildableReference BuildableIdentifier="primary" BlueprintIdentifier="A719CE621AFBACE9005F59E8" BuildableName="HotShots.app" BlueprintName="HotShots" ReferencedContainer="container:HotShots.xcodeproj"/>
    </BuildableProductRunnable>
    <AdditionalOptions/>
    <CommandLineArguments>
      <CommandLineArgument argument="-AppleLanguages" isEnabled="YES"/>
      <CommandLineArgument argument="(en)" isEnabled="YES"/>
    </CommandLineArguments>
    <EnvironmentVariables>
      <EnvironmentVariable key="OUTPUT_PATH" value="/Users/rene/workspace/openbakery/HotShots/build/screenshots" isEnabled="YES"/>
    </EnvironmentVariables>
  </LaunchAction>
  <ProfileAction buildConfiguration="Release" shouldUseLaunchSchemeArgsEnv="YES" savedToolIdentifier="" useCustomWorkingDirectory="NO" debugDocumentVersioning="YES">
    <BuildableProductRunnable runnableDebuggingMode="0">
      <BuildableReference BuildableIdentifier="primary" BlueprintIdentifier="A719CE621AFBACE9005F59E8" BuildableName="HotShots.app" BlueprintName="HotShots" ReferencedContainer="container:HotShots.xcodeproj"/>
    </BuildableProductRunnable>
  </ProfileAction>
  <AnalyzeAction buildConfiguration="Debug"/>
  <ArchiveAction buildConfiguration="Release" revealArchiveInOrganizer="YES"/>
</Scheme>
